
Microsoft Visual Studio Solution File, Format Version 11.00
# Visual Studio 2010
Project("{FAE04EC0-301F-11D3-BF4B-00C04F79EFBC}") = "WebosPrinterServer", "WebosPrinterServer.csproj", "{1B978902-EC09-44B7-AC01-37BE7903DCD9}"
EndProject
Global
	GlobalSection(SolutionConfigurationPlatforms) = preSolution
		Debug|Any CPU = Debug|Any CPU
		Release|Any CPU = Release|Any CPU
	EndGlobalSection
	GlobalSection(ProjectConfigurationPlatforms) = postSolution
		{1B978902-EC09-44B7-AC01-37BE7903DCD9}.Debug|Any CPU.ActiveCfg = Debug|Any CPU
		{1B978902-EC09-44B7-AC01-37BE7903DCD9}.Debug|Any CPU.Build.0 = Debug|Any CPU
		{1B978902-EC09-44B7-AC01-37BE7903DCD9}.Release|Any CPU.ActiveCfg = Release|Any CPU
		{1B978902-EC09-44B7-AC01-37BE7903DCD9}.Release|Any CPU.Build.0 = Release|Any CPU
	EndGlobalSection
	GlobalSection(MonoDevelopProperties) = preSolution
		StartupItem = WebosPrinterServer.csproj
	EndGlobalSection
EndGlobal
